{
  "name": "coreflow-design-system-web",
  "version": "0.102.1",
  "lockfileVersion": 3,
  "requires": true,
  "packages": {
    "": {
      "name": "coreflow-design-system-web",
      "version": "0.102.1",
      "dependencies": {
        "diletta-design-system-web": "bitbucket:diletta/ds-diletta#web-v0.193.0"
      }
    },
    "node_modules/diletta-design-system-web": {
      "version": "0.193.0",
      "resolved": "git+ssh://git@bitbucket.org/diletta/ds-diletta.git#2a09a40ab141f4f93ba2509a8dba50a15483f1c1"
    }
  }
}
