{
  "name": "meu-banco-web",
  "version": "0.1.0",
  "lockfileVersion": 3,
  "requires": true,
  "packages": {
    "": {
      "name": "meu-banco-web",
      "version": "0.1.0",
      "dependencies": {
        "diletta-design-system-web": "bitbucket:diletta/ds-diletta#web-v3.3.1"
      }
    },
    "node_modules/diletta-design-system-web": {
      "version": "3.3.1",
      "resolved": "git+ssh://git@bitbucket.org/diletta/ds-diletta.git#692ff8af03afcf6488231bca09c7df3e552e78d9"
    }
  }
}
