{
  "name": "meu-banco-web",
  "version": "0.1.0",
  "lockfileVersion": 3,
  "requires": true,
  "packages": {
    "": {
      "name": "meu-banco-web",
      "version": "0.1.0",
      "dependencies": {
        "diletta-design-system-web": "bitbucket:diletta/ds-diletta#web-v0.194.0"
      }
    },
    "node_modules/diletta-design-system-web": {
      "version": "0.194.0",
      "resolved": "git+ssh://git@bitbucket.org/diletta/ds-diletta.git#2e477916044e25dad2c4deb8c740892d3503128b"
    }
  }
}
