{
  "name": "meu-banco-web",
  "version": "0.1.0",
  "lockfileVersion": 3,
  "requires": true,
  "packages": {
    "": {
      "name": "meu-banco-web",
      "version": "0.1.0",
      "dependencies": {
        "diletta-design-system-web": "bitbucket:diletta/ds-diletta#web-v0.207.0"
      }
    },
    "node_modules/diletta-design-system-web": {
      "version": "0.207.0",
      "resolved": "git+ssh://git@bitbucket.org/diletta/ds-diletta.git#e0020169f561658045f58d97e9b269c92fbafc05"
    }
  }
}
