{
  "name": "norte-benk-web",
  "version": "0.1.2",
  "lockfileVersion": 3,
  "requires": true,
  "packages": {
    "": {
      "name": "norte-benk-web",
      "version": "0.1.2",
      "dependencies": {
        "diletta-design-system-web": "bitbucket:diletta/ds-diletta#web-v2.5.0"
      }
    },
    "node_modules/diletta-design-system-web": {
      "version": "2.5.0",
      "resolved": "git+ssh://git@bitbucket.org/diletta/ds-diletta.git#cd5f72b82bba18a88150312865ec45b063347c81"
    }
  }
}
