{
  "name": "norte-benk-web",
  "version": "0.1.0",
  "lockfileVersion": 3,
  "requires": true,
  "packages": {
    "": {
      "name": "norte-benk-web",
      "version": "0.1.0",
      "dependencies": {
        "diletta-design-system-web": "bitbucket:diletta/ds-diletta#web-v0.198.0"
      }
    },
    "node_modules/diletta-design-system-web": {
      "version": "0.198.0",
      "resolved": "git+ssh://git@bitbucket.org/diletta/ds-diletta.git#e7460ff1138f954a1875274ea6182b5e7cd89cbe"
    }
  }
}
