{
  "name": "norte-benk-web",
  "version": "0.1.0",
  "lockfileVersion": 3,
  "requires": true,
  "packages": {
    "": {
      "name": "norte-benk-web",
      "version": "0.1.0",
      "dependencies": {
        "diletta-design-system-web": "bitbucket:diletta/ds-diletta#web-v0.200.1"
      }
    },
    "node_modules/diletta-design-system-web": {
      "version": "0.200.1",
      "resolved": "git+ssh://git@bitbucket.org/diletta/ds-diletta.git#8bc8b393d58232e894c38d6c8a6d3b0bb5d9de40"
    }
  }
}
